
Microsoft Visual Studio Solution File, Format Version 12.00
# Visual Studio Version 17
VisualStudioVersion = 17.6.33723.286
MinimumVisualStudioVersion = 10.0.40219.1
Project("{9A19103F-16F7-4668-BE54-9A1E7A4F7556}") = "Blog.Web", "src\Blog.Web\Blog.Web.csproj", "{8287DD15-D1A3-4397-B11F-CFD3B851004A}"
EndProject
Project("{9A19103F-16F7-4668-BE54-9A1E7A4F7556}") = "Blog.Data", "src\Blog.Data\Blog.Data.csproj", "{5DE738DD-2662-40A9-81DF-26D763BA90E7}"
EndProject
Project("{FAE04EC0-301F-11D3-BF4B-00C04F79EFBC}") = "Blog.Business", "src\Blog.Business\Blog.Business.csproj", "{C2FAF4FF-7630-42ED-A08E-4AC6F48A017B}"
EndProject
Global
	GlobalSection(SolutionConfigurationPlatforms) = preSolution
		Debug|Any CPU = Debug|Any CPU
		Release|Any CPU = Release|Any CPU
	EndGlobalSection
	GlobalSection(ProjectConfigurationPlatforms) = postSolution
		{8287DD15-D1A3-4397-B11F-CFD3B851004A}.Debug|Any CPU.ActiveCfg = Debug|Any CPU
		{8287DD15-D1A3-4397-B11F-CFD3B851004A}.Debug|Any CPU.Build.0 = Debug|Any CPU
		{8287DD15-D1A3-4397-B11F-CFD3B851004A}.Release|Any CPU.ActiveCfg = Release|Any CPU
		{8287DD15-D1A3-4397-B11F-CFD3B851004A}.Release|Any CPU.Build.0 = Release|Any CPU
		{5DE738DD-2662-40A9-81DF-26D763BA90E7}.Debug|Any CPU.ActiveCfg = Debug|Any CPU
		{5DE738DD-2662-40A9-81DF-26D763BA90E7}.Debug|Any CPU.Build.0 = Debug|Any CPU
		{5DE738DD-2662-40A9-81DF-26D763BA90E7}.Release|Any CPU.ActiveCfg = Release|Any CPU
		{5DE738DD-2662-40A9-81DF-26D763BA90E7}.Release|Any CPU.Build.0 = Release|Any CPU
		{C2FAF4FF-7630-42ED-A08E-4AC6F48A017B}.Debug|Any CPU.ActiveCfg = Debug|Any CPU
		{C2FAF4FF-7630-42ED-A08E-4AC6F48A017B}.Debug|Any CPU.Build.0 = Debug|Any CPU
		{C2FAF4FF-7630-42ED-A08E-4AC6F48A017B}.Release|Any CPU.ActiveCfg = Release|Any CPU
		{C2FAF4FF-7630-42ED-A08E-4AC6F48A017B}.Release|Any CPU.Build.0 = Release|Any CPU
	EndGlobalSection
	GlobalSection(SolutionProperties) = preSolution
		HideSolutionNode = FALSE
	EndGlobalSection
	GlobalSection(ExtensibilityGlobals) = postSolution
		SolutionGuid = {70199EFE-0D41-47F2-9A1C-B2E939E8B8A5}
	EndGlobalSection
EndGlobal
